
Microsoft Visual Studio Solution File, Format Version 12.00
# Visual Studio Version 18
VisualStudioVersion = 18.0.11222.15 d18.0
MinimumVisualStudioVersion = 10.0.40219.1
Project("{9A19103F-16F7-4668-BE54-9A1E7A4F7556}") = "Mikkelhm.Web", "Mikkelhm.Web\Mikkelhm.Web.csproj", "{044B369E-7111-4E85-B076-841724660656}"
EndProject
Project("{FAE04EC0-301F-11D3-BF4B-00C04F79EFBC}") = "Mikkelhm.Core", "Mikkelhm.Core\Mikkelhm.Core.csproj", "{776F1DB2-0A25-46CA-9B74-B1D9F1874F84}"
EndProject
Project("{FAE04EC0-301F-11D3-BF4B-00C04F79EFBC}") = "Mikkelhm.Models", "Mikkelhm.Models\Mikkelhm.Models.csproj", "{5D3406A6-7556-4844-AD32-8A96911D1B1B}"
EndProject
Global
	GlobalSection(SolutionConfigurationPlatforms) = preSolution
		Debug|Any CPU = Debug|Any CPU
		Release|Any CPU = Release|Any CPU
	EndGlobalSection
	GlobalSection(ProjectConfigurationPlatforms) = postSolution
		{044B369E-7111-4E85-B076-841724660656}.Debug|Any CPU.ActiveCfg = Debug|Any CPU
		{044B369E-7111-4E85-B076-841724660656}.Debug|Any CPU.Build.0 = Debug|Any CPU
		{044B369E-7111-4E85-B076-841724660656}.Release|Any CPU.ActiveCfg = Release|Any CPU
		{044B369E-7111-4E85-B076-841724660656}.Release|Any CPU.Build.0 = Release|Any CPU
		{776F1DB2-0A25-46CA-9B74-B1D9F1874F84}.Debug|Any CPU.ActiveCfg = Debug|Any CPU
		{776F1DB2-0A25-46CA-9B74-B1D9F1874F84}.Debug|Any CPU.Build.0 = Debug|Any CPU
		{776F1DB2-0A25-46CA-9B74-B1D9F1874F84}.Release|Any CPU.ActiveCfg = Release|Any CPU
		{776F1DB2-0A25-46CA-9B74-B1D9F1874F84}.Release|Any CPU.Build.0 = Release|Any CPU
		{5D3406A6-7556-4844-AD32-8A96911D1B1B}.Debug|Any CPU.ActiveCfg = Debug|Any CPU
		{5D3406A6-7556-4844-AD32-8A96911D1B1B}.Debug|Any CPU.Build.0 = Debug|Any CPU
		{5D3406A6-7556-4844-AD32-8A96911D1B1B}.Release|Any CPU.ActiveCfg = Release|Any CPU
		{5D3406A6-7556-4844-AD32-8A96911D1B1B}.Release|Any CPU.Build.0 = Release|Any CPU
	EndGlobalSection
	GlobalSection(SolutionProperties) = preSolution
		HideSolutionNode = FALSE
	EndGlobalSection
	GlobalSection(ExtensibilityGlobals) = postSolution
		SolutionGuid = {053FD63A-FBE8-47B0-A29F-6493B3EA5F67}
	EndGlobalSection
EndGlobal
